
Microsoft Visual Studio Solution File, Format Version 12.00
# Visual Studio 15
Project("{FAE04EC0-301F-11D3-BF4B-00C04F79EFBC}") = "Assembly-CSharp", "Assembly-CSharp.csproj", "{3B83412D-E256-DB41-4222-C5532E749629}"
EndProject
Project("{FAE04EC0-301F-11D3-BF4B-00C04F79EFBC}") = "Assembly-CSharp-firstpass", "Assembly-CSharp-firstpass.csproj", "{465D3FD4-0BDE-CDB7-7B7D-A38BCAAE0CBF}"
EndProject
Project("{FAE04EC0-301F-11D3-BF4B-00C04F79EFBC}") = "Assembly-CSharp-Editor", "Assembly-CSharp-Editor.csproj", "{69461575-1E08-83C6-E3E1-03BB68A78B70}"
EndProject
Project("{FAE04EC0-301F-11D3-BF4B-00C04F79EFBC}") = "Assembly-CSharp-Editor-firstpass", "Assembly-CSharp-Editor-firstpass.csproj", "{6B7426E5-A4B3-B1F8-C8EB-B31EB16D1789}"
EndProject
Global
	GlobalSection(SolutionConfigurationPlatforms) = preSolution
		Debug|Any CPU = Debug|Any CPU
		Release|Any CPU = Release|Any CPU
	EndGlobalSection
	GlobalSection(ProjectConfigurationPlatforms) = postSolution
		{3B83412D-E256-DB41-4222-C5532E749629}.Debug|Any CPU.ActiveCfg = Debug|Any CPU
		{3B83412D-E256-DB41-4222-C5532E749629}.Debug|Any CPU.Build.0 = Debug|Any CPU
		{3B83412D-E256-DB41-4222-C5532E749629}.Release|Any CPU.ActiveCfg = Release|Any CPU
		{3B83412D-E256-DB41-4222-C5532E749629}.Release|Any CPU.Build.0 = Release|Any CPU
		{465D3FD4-0BDE-CDB7-7B7D-A38BCAAE0CBF}.Debug|Any CPU.ActiveCfg = Debug|Any CPU
		{465D3FD4-0BDE-CDB7-7B7D-A38BCAAE0CBF}.Debug|Any CPU.Build.0 = Debug|Any CPU
		{465D3FD4-0BDE-CDB7-7B7D-A38BCAAE0CBF}.Release|Any CPU.ActiveCfg = Release|Any CPU
		{465D3FD4-0BDE-CDB7-7B7D-A38BCAAE0CBF}.Release|Any CPU.Build.0 = Release|Any CPU
		{69461575-1E08-83C6-E3E1-03BB68A78B70}.Debug|Any CPU.ActiveCfg = Debug|Any CPU
		{69461575-1E08-83C6-E3E1-03BB68A78B70}.Debug|Any CPU.Build.0 = Debug|Any CPU
		{69461575-1E08-83C6-E3E1-03BB68A78B70}.Release|Any CPU.ActiveCfg = Release|Any CPU
		{69461575-1E08-83C6-E3E1-03BB68A78B70}.Release|Any CPU.Build.0 = Release|Any CPU
		{6B7426E5-A4B3-B1F8-C8EB-B31EB16D1789}.Debug|Any CPU.ActiveCfg = Debug|Any CPU
		{6B7426E5-A4B3-B1F8-C8EB-B31EB16D1789}.Debug|Any CPU.Build.0 = Debug|Any CPU
		{6B7426E5-A4B3-B1F8-C8EB-B31EB16D1789}.Release|Any CPU.ActiveCfg = Release|Any CPU
		{6B7426E5-A4B3-B1F8-C8EB-B31EB16D1789}.Release|Any CPU.Build.0 = Release|Any CPU
	EndGlobalSection
	GlobalSection(SolutionProperties) = preSolution
		HideSolutionNode = FALSE
	EndGlobalSection
EndGlobal
